
Microsoft Visual Studio Solution File, Format Version 12.00
# Visual Studio Version 16
VisualStudioVersion = 16.0.31112.23
MinimumVisualStudioVersion = 10.0.40219.1
Project("{FAE04EC0-301F-11D3-BF4B-00C04F79EFBC}") = "CarsDB", "CarsDB\CarsDB.csproj", "{EEF66383-AA6A-4DEC-947A-862056C64021}"
EndProject
Global
	GlobalSection(SolutionConfigurationPlatforms) = preSolution
		Debug|Any CPU = Debug|Any CPU
		Release|Any CPU = Release|Any CPU
	EndGlobalSection
	GlobalSection(ProjectConfigurationPlatforms) = postSolution
		{EEF66383-AA6A-4DEC-947A-862056C64021}.Debug|Any CPU.ActiveCfg = Debug|Any CPU
		{EEF66383-AA6A-4DEC-947A-862056C64021}.Debug|Any CPU.Build.0 = Debug|Any CPU
		{EEF66383-AA6A-4DEC-947A-862056C64021}.Release|Any CPU.ActiveCfg = Release|Any CPU
		{EEF66383-AA6A-4DEC-947A-862056C64021}.Release|Any CPU.Build.0 = Release|Any CPU
	EndGlobalSection
	GlobalSection(SolutionProperties) = preSolution
		HideSolutionNode = FALSE
	EndGlobalSection
	GlobalSection(ExtensibilityGlobals) = postSolution
		SolutionGuid = {0460BBA4-4915-4073-AF9F-9D622066C9AE}
	EndGlobalSection
EndGlobal
